
Microsoft Visual Studio Solution File, Format Version 12.00
# Visual Studio 15
VisualStudioVersion = 15.0.28307.168
MinimumVisualStudioVersion = 10.0.40219.1
Project("{FAE04EC0-301F-11D3-BF4B-00C04F79EFBC}") = "Core.Validation", "Core.Validation\Core.Validation.csproj", "{D41BCA40-20CC-4AD2-8997-2193CCB9FD96}"
EndProject
Project("{FAE04EC0-301F-11D3-BF4B-00C04F79EFBC}") = "Core.Validation.Test", "Core.Validation.Test\Core.Validation.Test.csproj", "{3C66AEB8-5C05-4FDB-ACCC-05A8E7DF3470}"
EndProject
Global
	GlobalSection(SolutionConfigurationPlatforms) = preSolution
		Debug|Any CPU = Debug|Any CPU
		Release|Any CPU = Release|Any CPU
	EndGlobalSection
	GlobalSection(ProjectConfigurationPlatforms) = postSolution
		{D41BCA40-20CC-4AD2-8997-2193CCB9FD96}.Debug|Any CPU.ActiveCfg = Debug|Any CPU
		{D41BCA40-20CC-4AD2-8997-2193CCB9FD96}.Debug|Any CPU.Build.0 = Debug|Any CPU
		{D41BCA40-20CC-4AD2-8997-2193CCB9FD96}.Release|Any CPU.ActiveCfg = Release|Any CPU
		{D41BCA40-20CC-4AD2-8997-2193CCB9FD96}.Release|Any CPU.Build.0 = Release|Any CPU
		{3C66AEB8-5C05-4FDB-ACCC-05A8E7DF3470}.Debug|Any CPU.ActiveCfg = Debug|Any CPU
		{3C66AEB8-5C05-4FDB-ACCC-05A8E7DF3470}.Debug|Any CPU.Build.0 = Debug|Any CPU
		{3C66AEB8-5C05-4FDB-ACCC-05A8E7DF3470}.Release|Any CPU.ActiveCfg = Release|Any CPU
		{3C66AEB8-5C05-4FDB-ACCC-05A8E7DF3470}.Release|Any CPU.Build.0 = Release|Any CPU
	EndGlobalSection
	GlobalSection(SolutionProperties) = preSolution
		HideSolutionNode = FALSE
	EndGlobalSection
	GlobalSection(ExtensibilityGlobals) = postSolution
		SolutionGuid = {E9EE7975-7271-49E2-9C8F-147B4A8B2C8B}
	EndGlobalSection
EndGlobal
